
Microsoft Visual Studio Solution File, Format Version 12.00
# Visual Studio Version 17
VisualStudioVersion = 17.9.34728.123
MinimumVisualStudioVersion = 10.0.40219.1
Project("{9A19103F-16F7-4668-BE54-9A1E7A4F7556}") = "PersFashApplicationAPI", "PersFashApplicationAPI\PersFashApplicationAPI.csproj", "{C84BE89D-CF71-4F66-9A3A-7CBA6E9E0DDF}"
EndProject
Project("{FAE04EC0-301F-11D3-BF4B-00C04F79EFBC}") = "BusinessObject", "BusinessObject\BusinessObject.csproj", "{0D4A1299-0C14-483E-8BC1-FEFD120EC772}"
EndProject
Project("{FAE04EC0-301F-11D3-BF4B-00C04F79EFBC}") = "Repositories", "Repositories\Repositories.csproj", "{96F7F325-A4DD-45AE-8A78-D485423A5FF3}"
EndProject
Project("{FAE04EC0-301F-11D3-BF4B-00C04F79EFBC}") = "Services", "Services\Services.csproj", "{1B159E47-923C-4CC6-A305-14C37A8C494C}"
EndProject
Global
	GlobalSection(SolutionConfigurationPlatforms) = preSolution
		Debug|Any CPU = Debug|Any CPU
		Release|Any CPU = Release|Any CPU
	EndGlobalSection
	GlobalSection(ProjectConfigurationPlatforms) = postSolution
		{C84BE89D-CF71-4F66-9A3A-7CBA6E9E0DDF}.Debug|Any CPU.ActiveCfg = Debug|Any CPU
		{C84BE89D-CF71-4F66-9A3A-7CBA6E9E0DDF}.Debug|Any CPU.Build.0 = Debug|Any CPU
		{C84BE89D-CF71-4F66-9A3A-7CBA6E9E0DDF}.Release|Any CPU.ActiveCfg = Release|Any CPU
		{C84BE89D-CF71-4F66-9A3A-7CBA6E9E0DDF}.Release|Any CPU.Build.0 = Release|Any CPU
		{0D4A1299-0C14-483E-8BC1-FEFD120EC772}.Debug|Any CPU.ActiveCfg = Debug|Any CPU
		{0D4A1299-0C14-483E-8BC1-FEFD120EC772}.Debug|Any CPU.Build.0 = Debug|Any CPU
		{0D4A1299-0C14-483E-8BC1-FEFD120EC772}.Release|Any CPU.ActiveCfg = Release|Any CPU
		{0D4A1299-0C14-483E-8BC1-FEFD120EC772}.Release|Any CPU.Build.0 = Release|Any CPU
		{96F7F325-A4DD-45AE-8A78-D485423A5FF3}.Debug|Any CPU.ActiveCfg = Debug|Any CPU
		{96F7F325-A4DD-45AE-8A78-D485423A5FF3}.Debug|Any CPU.Build.0 = Debug|Any CPU
		{96F7F325-A4DD-45AE-8A78-D485423A5FF3}.Release|Any CPU.ActiveCfg = Release|Any CPU
		{96F7F325-A4DD-45AE-8A78-D485423A5FF3}.Release|Any CPU.Build.0 = Release|Any CPU
		{1B159E47-923C-4CC6-A305-14C37A8C494C}.Debug|Any CPU.ActiveCfg = Debug|Any CPU
		{1B159E47-923C-4CC6-A305-14C37A8C494C}.Debug|Any CPU.Build.0 = Debug|Any CPU
		{1B159E47-923C-4CC6-A305-14C37A8C494C}.Release|Any CPU.ActiveCfg = Release|Any CPU
		{1B159E47-923C-4CC6-A305-14C37A8C494C}.Release|Any CPU.Build.0 = Release|Any CPU
	EndGlobalSection
	GlobalSection(SolutionProperties) = preSolution
		HideSolutionNode = FALSE
	EndGlobalSection
	GlobalSection(ExtensibilityGlobals) = postSolution
		SolutionGuid = {EB9FE79C-3311-4A73-9EBD-93ADAF04EE3E}
	EndGlobalSection
EndGlobal
